last_updated_at: 2020-11-07T00:18:29.624291876Z
images:
- template:
    src: Dockerfile.tpl
    dest: Dockerfile
  command: |
    git checkout -b branch-{{.Tag}}
    git add {{.TemplateDestination}}
    git commit -m "update to {{.Tag}}"
    git push origin :{{.Tag}}
    git tag {{.Tag}}
    git push origin {{.Tag}}
    git checkout master
  base:
    provider: dockerhub
    image: library/php
    tags:
    - pattern: ^7.4.[0-9]+\-cli\-buster$
      version: ^7.4.0
      resolved: 7.4.12-cli-buster
      os: linux
      architecture: amd64
      last_updated_at: 2020-11-06T03:01:01.659935Z
    - pattern: ^7.4\-cli\-buster$
      version: "7.4"
      resolved: 7.4-cli-buster
      os: linux
      architecture: amd64
      last_updated_at: 2020-11-06T02:57:54.867141Z
    - pattern: ^7.3.[0-9]+\-cli\-buster$
      version: ^7.3.0
      resolved: 7.3.24-cli-buster
      os: linux
      architecture: amd64
      last_updated_at: 2020-11-06T02:54:18.54237Z
    - pattern: ^7.3\-cli\-buster$
      version: "7.3"
      resolved: 7.3-cli-buster
      os: linux
      architecture: amd64
      last_updated_at: 2020-11-06T02:40:18.004359Z
    - pattern: ^7.2.[0-9]+\-cli\-buster$
      version: ^7.2.0
      resolved: 7.2.34-cli-buster
      os: linux
      architecture: amd64
      last_updated_at: 2020-11-06T02:34:37.202434Z
    - pattern: ^7.2\-cli\-buster$
      version: "7.2"
      resolved: 7.2-cli-buster
      os: linux
      architecture: amd64
      last_updated_at: 2020-11-06T02:27:08.069239Z
    - pattern: ^7.1.[0-9]+\-cli\-buster$
      version: ^7.1.0
      resolved: 7.1.33-cli-buster
      os: linux
      architecture: amd64
      last_updated_at: 2019-11-22T23:03:35.257977Z
    - pattern: ^7.1\-cli\-buster$
      version: "7.1"
      resolved: 7.1-cli-buster
      os: linux
      architecture: amd64
      last_updated_at: 2019-11-22T23:01:23.882476Z
    - pattern: ^7\-cli\-buster$
      version: "7"
      resolved: 7-cli-buster
      os: linux
      architecture: amd64
      last_updated_at: 2020-11-06T02:19:14.071138Z
