last_updated_at: 2020-02-23T00:07:54.398490969Z
images:
- template:
    src: Dockerfile.tpl
    dest: Dockerfile
  command: |
    git checkout -b branch-{{.Tag}}
    git add {{.TemplateDestination}}
    git commit -m "update to {{.Tag}}"
    git push origin :{{.Tag}}
    git tag {{.Tag}}
    git push origin {{.Tag}}
    git checkout master
  base:
    provider: dockerhub
    image: library/php
    tags:
    - pattern: ^7.4.[0-9]+\-cli\-buster$
      version: ^7.4.0
      resolved: 7.4.3-cli-buster
      last_updated_at: 2020-02-21T03:11:02.972015Z
    - pattern: ^7.4\-cli\-buster$
      version: "7.4"
      resolved: 7.4-cli-buster
      last_updated_at: 2020-02-21T04:08:52.473973Z
    - pattern: ^7.3.[0-9]+\-cli\-buster$
      version: ^7.3.0
      resolved: 7.3.15-cli-buster
      last_updated_at: 2020-02-21T04:06:48.321433Z
    - pattern: ^7.3\-cli\-buster$
      version: "7.3"
      resolved: 7.3-cli-buster
      last_updated_at: 2020-02-21T04:02:52.370606Z
    - pattern: ^7.2.[0-9]+\-cli\-buster$
      version: ^7.2.0
      resolved: 7.2.28-cli-buster
      last_updated_at: 2020-02-21T03:58:56.594821Z
    - pattern: ^7.2\-cli\-buster$
      version: "7.2"
      resolved: 7.2-cli-buster
      last_updated_at: 2020-02-21T03:54:20.432968Z
    - pattern: ^7.1.[0-9]+\-cli\-buster$
      version: ^7.1.0
      resolved: 7.1.33-cli-buster
      last_updated_at: 2019-11-22T23:03:35.257977Z
    - pattern: ^7.1\-cli\-buster$
      version: "7.1"
      resolved: 7.1-cli-buster
      last_updated_at: 2019-11-22T23:01:23.882476Z
    - pattern: ^7\-cli\-buster$
      version: "7"
      resolved: 7-cli-buster
      last_updated_at: 2020-02-21T03:51:37.566245Z
